{
  "version": 4,
  "terraform_version": "0.13.5",
  "serial": 1,
  "lineage": "a89a20ba-a998-2875-a66c-efe49bfe33a4",
  "outputs": {},
  "resources": [
    {
      "mode": "managed",
      "type": "aws_network_acl",
      "name": "my_nacl",
      "provider": "provider[\"registry.terraform.io/hashicorp/aws\"]",
      "instances": [
        {
          "schema_version": 0,
          "attributes": {
            "arn": "arn:aws:ec2:us-east-1:058528764918:network-acl/acl-0eeb0fd61d80e9cc6",
            "egress": [
              {
                "action": "allow",
                "cidr_block": "0.0.0.0/0",
                "from_port": 0,
                "icmp_code": null,
                "icmp_type": null,
                "ipv6_cidr_block": "",
                "protocol": "-1",
                "rule_no": 110,
                "to_port": 0
              }
            ],
            "id": "acl-0eeb0fd61d80e9cc6",
            "ingress": [
              {
                "action": "allow",
                "cidr_block": "0.0.0.0/0",
                "from_port": 0,
                "icmp_code": null,
                "icmp_type": null,
                "ipv6_cidr_block": "",
                "protocol": "-1",
                "rule_no": 110,
                "to_port": 0
              }
            ],
            "owner_id": "058528764918",
            "subnet_ids": [],
            "tags": {
              "Environment": "DEV",
              "Name": "TestIaC-DEV-nacl",
              "Product": "Test IaC"
            },
            "vpc_id": "vpc-ed4cbd90"
          },
          "private": "bnVsbA=="
        }
      ]
    }
  ]
}
